
Microsoft Visual Studio Solution File, Format Version 12.00
# Visual Studio Version 17
VisualStudioVersion = 17.8.34227.203
MinimumVisualStudioVersion = 10.0.40219.1
Project("{FAE04EC0-301F-11D3-BF4B-00C04F79EFBC}") = "LR9", "LR9\LR9.csproj", "{01139416-B74B-4CC6-B231-2FB7C18A418C}"
EndProject
Global
	GlobalSection(SolutionConfigurationPlatforms) = preSolution
		Debug|Any CPU = Debug|Any CPU
		Release|Any CPU = Release|Any CPU
	EndGlobalSection
	GlobalSection(ProjectConfigurationPlatforms) = postSolution
		{01139416-B74B-4CC6-B231-2FB7C18A418C}.Debug|Any CPU.ActiveCfg = Debug|Any CPU
		{01139416-B74B-4CC6-B231-2FB7C18A418C}.Debug|Any CPU.Build.0 = Debug|Any CPU
		{01139416-B74B-4CC6-B231-2FB7C18A418C}.Release|Any CPU.ActiveCfg = Release|Any CPU
		{01139416-B74B-4CC6-B231-2FB7C18A418C}.Release|Any CPU.Build.0 = Release|Any CPU
	EndGlobalSection
	GlobalSection(SolutionProperties) = preSolution
		HideSolutionNode = FALSE
	EndGlobalSection
	GlobalSection(ExtensibilityGlobals) = postSolution
		SolutionGuid = {7B446521-6BB1-4AA4-9B6A-3E6A75B0BA5A}
	EndGlobalSection
EndGlobal
